{
  "requires": true,
  "lockfileVersion": 1,
  "dependencies": {
    "react-app-rewired": {
      "version": "2.1.5",
      "resolved": "https://registry.npmjs.org/react-app-rewired/-/react-app-rewired-2.1.5.tgz",
      "integrity": "sha512-Gr8KfCeL9/PTQs8Vvxc7v8wQ9vCFMnYPhcAkrMlzkLiMFXS+BgSwm11MoERjZm7dpA2WjTi+Pvbu/w7rujAV+A==",
      "requires": {
        "semver": "^5.6.0"
      }
    },
    "semver": {
      "version": "5.7.1",
      "resolved": "https://registry.npmjs.org/semver/-/semver-5.7.1.tgz",
      "integrity": "sha512-sauaDf/PZdVgrLTNYHRtpXa1iRiKcaebiKQ1BJdpQlWH2lCvexQdX55snPFyK7QzpudqbCI0qXFfOasHdyNDGQ=="
    },
    "yarn": {
      "version": "1.22.4",
      "resolved": "https://registry.npmjs.org/yarn/-/yarn-1.22.4.tgz",
      "integrity": "sha512-oYM7hi/lIWm9bCoDMEWgffW8aiNZXCWeZ1/tGy0DWrN6vmzjCXIKu2Y21o8DYVBUtiktwKcNoxyGl/2iKLUNGA=="
    }
  }
}
